github.com/nanxiaobei/hugo-paper v0.0.0-20260309084619-de1169ec320d h1:CgzW/5B0DHXMbPzkS+bXAlrOCeYWqyYoNVWC3YB7yC4=
github.com/nanxiaobei/hugo-paper v0.0.0-20260309084619-de1169ec320d/go.mod h1:cS2hTYPgmZ2FkPTQbOiX6vB0yLQcWD067kJx2lkRPVQ=
github.com/nodejh/hugo-theme-mini v0.0.0-20240322021354-34417888405c h1:WUFnrYHzZk6QLla2BgFvySeYORf5nf0SUzcdIANHadU=
github.com/nodejh/hugo-theme-mini v0.0.0-20240322021354-34417888405c/go.mod h1:+Rl6qKesH3DeBOjXcmPXB1L/LwD3RqXzopTzon/jv5Q=
